<?xml version="1.0" encoding="utf-8"?>
<Project ToolsVersion="4.0" xmlns="http://schemas.microsoft.com/developer/msbuild/2003">
  <ItemGroup>
    <Filter Include="Source Files">
      <UniqueIdentifier>{4FC737F1-C7A5-4376-A066-2A32D752A2FF}</UniqueIdentifier>
      <Extensions>cpp;c;cc;cxx;c++;cppm;ixx;def;odl;idl;hpj;bat;asm;asmx</Extensions>
    </Filter>
    <Filter Include="Header Files">
      <UniqueIdentifier>{93995380-89BD-4b04-88EB-625FBE52EBFB}</UniqueIdentifier>
      <Extensions>h;hh;hpp;hxx;h++;hm;inl;inc;ipp;xsd</Extensions>
    </Filter>
    <Filter Include="Source Files\core">
      <UniqueIdentifier>{B1C2D3E4-F5A6-4789-0ABC-DEF123456789}</UniqueIdentifier>
    </Filter>
    <Filter Include="Source Files\api">
      <UniqueIdentifier>{C2D3E4F5-A6B7-5890-1BCD-EF2345678901}</UniqueIdentifier>
    </Filter>
    <Filter Include="Header Files\core">
      <UniqueIdentifier>{D3E4F5A6-B7C8-6901-2CDE-F34567890123}</UniqueIdentifier>
    </Filter>
    <Filter Include="Header Files\api">
      <UniqueIdentifier>{E4F5A6B7-C8D9-7012-3DEF-456789012345}</UniqueIdentifier>
    </Filter>
    <Filter Include="Header Files\external">
      <UniqueIdentifier>{F5A6B7C8-D9E0-8123-4EF0-567890123456}</UniqueIdentifier>
    </Filter>
  </ItemGroup>
  
  <ItemGroup>
    <ClCompile Include="src\main.cpp">
      <Filter>Source Files</Filter>
    </ClCompile>
    <ClCompile Include="src\core\server.cpp">
      <Filter>Source Files\core</Filter>
    </ClCompile>
    <ClCompile Include="src\core\system_info.cpp">
      <Filter>Source Files\core</Filter>
    </ClCompile>
    <ClCompile Include="src\api\version_controller.cpp">
      <Filter>Source Files\api</Filter>
    </ClCompile>
    <ClCompile Include="src\api\docs_controller.cpp">
      <Filter>Source Files\api</Filter>
    </ClCompile>
  </ItemGroup>
  
  <ItemGroup>
    <ClInclude Include="src\core\server.h">
      <Filter>Header Files\core</Filter>
    </ClInclude>
    <ClInclude Include="src\core\system_info.h">
      <Filter>Header Files\core</Filter>
    </ClInclude>
    <ClInclude Include="src\api\version_controller.h">
      <Filter>Header Files\api</Filter>
    </ClInclude>
    <ClInclude Include="src\api\docs_controller.h">
      <Filter>Header Files\api</Filter>
    </ClInclude>
    <ClInclude Include="include\httplib.h">
      <Filter>Header Files\external</Filter>
    </ClInclude>
  </ItemGroup>
</Project>
